
Microsoft Visual Studio Solution File, Format Version 12.00
# Visual Studio 15
VisualStudioVersion = 15.0.26430.4
MinimumVisualStudioVersion = 10.0.40219.1
Project("{FAE04EC0-301F-11D3-BF4B-00C04F79EFBC}") = "SimpleFeedForward", "Source\SimpleFeedForward\SimpleFeedForward.csproj", "{729E3CD8-ED7A-4E32-8E87-D6A49AB3DCED}"
EndProject
Project("{FAE04EC0-301F-11D3-BF4B-00C04F79EFBC}") = "SimpleFeedForward.Training", "Source\SimpleFeedForward.Training\SimpleFeedForward.Training.csproj", "{23178A8D-F5E9-419F-93CA-35F81098717D}"
EndProject
Project("{2150E333-8FDC-42A3-9474-1A3956D46DE8}") = "Examples", "Examples", "{50007514-F6A2-4B66-B2F0-62F8646323F9}"
EndProject
Project("{FAE04EC0-301F-11D3-BF4B-00C04F79EFBC}") = "MinimalExample", "Examples\MinimalExample\MinimalExample.csproj", "{CDBCBF16-24CF-49C4-B448-0DD6D72320D9}"
EndProject
Project("{2150E333-8FDC-42A3-9474-1A3956D46DE8}") = "Source", "Source", "{B20502C8-CA09-4D70-9F57-C5C59C986549}"
EndProject
Project("{FAE04EC0-301F-11D3-BF4B-00C04F79EFBC}") = "SimpleFeedForward.Data", "Source\SimpleFeedForward.Data\SimpleFeedForward.Data.csproj", "{C16DA600-3C32-481F-908B-3FF79E3EAE45}"
EndProject
Project("{FAE04EC0-301F-11D3-BF4B-00C04F79EFBC}") = "SimpleFeedForward.Fluent", "Source\SimpleFeedForward.Fluent\SimpleFeedForward.Fluent.csproj", "{301E3E83-616C-4AAB-AC30-E226DA1515AF}"
EndProject
Global
	GlobalSection(SolutionConfigurationPlatforms) = preSolution
		Debug|Any CPU = Debug|Any CPU
		Release|Any CPU = Release|Any CPU
	EndGlobalSection
	GlobalSection(ProjectConfigurationPlatforms) = postSolution
		{729E3CD8-ED7A-4E32-8E87-D6A49AB3DCED}.Debug|Any CPU.ActiveCfg = Debug|Any CPU
		{729E3CD8-ED7A-4E32-8E87-D6A49AB3DCED}.Debug|Any CPU.Build.0 = Debug|Any CPU
		{729E3CD8-ED7A-4E32-8E87-D6A49AB3DCED}.Release|Any CPU.ActiveCfg = Release|Any CPU
		{729E3CD8-ED7A-4E32-8E87-D6A49AB3DCED}.Release|Any CPU.Build.0 = Release|Any CPU
		{23178A8D-F5E9-419F-93CA-35F81098717D}.Debug|Any CPU.ActiveCfg = Debug|Any CPU
		{23178A8D-F5E9-419F-93CA-35F81098717D}.Debug|Any CPU.Build.0 = Debug|Any CPU
		{23178A8D-F5E9-419F-93CA-35F81098717D}.Release|Any CPU.ActiveCfg = Release|Any CPU
		{23178A8D-F5E9-419F-93CA-35F81098717D}.Release|Any CPU.Build.0 = Release|Any CPU
		{CDBCBF16-24CF-49C4-B448-0DD6D72320D9}.Debug|Any CPU.ActiveCfg = Debug|Any CPU
		{CDBCBF16-24CF-49C4-B448-0DD6D72320D9}.Debug|Any CPU.Build.0 = Debug|Any CPU
		{CDBCBF16-24CF-49C4-B448-0DD6D72320D9}.Release|Any CPU.ActiveCfg = Release|Any CPU
		{CDBCBF16-24CF-49C4-B448-0DD6D72320D9}.Release|Any CPU.Build.0 = Release|Any CPU
		{C16DA600-3C32-481F-908B-3FF79E3EAE45}.Debug|Any CPU.ActiveCfg = Debug|Any CPU
		{C16DA600-3C32-481F-908B-3FF79E3EAE45}.Debug|Any CPU.Build.0 = Debug|Any CPU
		{C16DA600-3C32-481F-908B-3FF79E3EAE45}.Release|Any CPU.ActiveCfg = Release|Any CPU
		{C16DA600-3C32-481F-908B-3FF79E3EAE45}.Release|Any CPU.Build.0 = Release|Any CPU
		{301E3E83-616C-4AAB-AC30-E226DA1515AF}.Debug|Any CPU.ActiveCfg = Debug|Any CPU
		{301E3E83-616C-4AAB-AC30-E226DA1515AF}.Debug|Any CPU.Build.0 = Debug|Any CPU
		{301E3E83-616C-4AAB-AC30-E226DA1515AF}.Release|Any CPU.ActiveCfg = Release|Any CPU
		{301E3E83-616C-4AAB-AC30-E226DA1515AF}.Release|Any CPU.Build.0 = Release|Any CPU
	EndGlobalSection
	GlobalSection(SolutionProperties) = preSolution
		HideSolutionNode = FALSE
	EndGlobalSection
	GlobalSection(NestedProjects) = preSolution
		{729E3CD8-ED7A-4E32-8E87-D6A49AB3DCED} = {B20502C8-CA09-4D70-9F57-C5C59C986549}
		{23178A8D-F5E9-419F-93CA-35F81098717D} = {B20502C8-CA09-4D70-9F57-C5C59C986549}
		{CDBCBF16-24CF-49C4-B448-0DD6D72320D9} = {50007514-F6A2-4B66-B2F0-62F8646323F9}
		{C16DA600-3C32-481F-908B-3FF79E3EAE45} = {B20502C8-CA09-4D70-9F57-C5C59C986549}
		{301E3E83-616C-4AAB-AC30-E226DA1515AF} = {B20502C8-CA09-4D70-9F57-C5C59C986549}
	EndGlobalSection
	GlobalSection(ExtensibilityGlobals) = postSolution
		SolutionGuid = {2E63643B-9CA3-4B56-A27D-F2D76B3B02EA}
	EndGlobalSection
EndGlobal
